// !$*UTF8*$!
{
	archiveVersion = 1;
	classes = {
	};
	objectVersion = 46;
	objects = {

/* Begin PBXBuildFile section */
		06BD2B5D1CBBABAC00AAA872 /* AppDelegate.swift in Sources */ = {isa = PBXBuildFile; fileRef = 06BD2B5C1CBBABAC00AAA872 /* AppDelegate.swift */; };
		06BD2B5F1CBBABAC00AAA872 /* ViewController.swift in Sources */ = {isa = PBXBuildFile; fileRef = 06BD2B5E1CBBABAC00AAA872 /* ViewController.swift */; };
		06BD2B621CBBABAC00AAA872 /* Main.storyboard in Resources */ = {isa = PBXBuildFile; fileRef = 06BD2B601CBBABAC00AAA872 /* Main.storyboard */; };
		06BD2B641CBBABAC00AAA872 /* Assets.xcassets in Resources */ = {isa = PBXBuildFile; fileRef = 06BD2B631CBBABAC00AAA872 /* Assets.xcassets */; };
		06BD2B671CBBABAC00AAA872 /* LaunchScreen.storyboard in Resources */ = {isa = PBXBuildFile; fileRef = 06BD2B651CBBABAC00AAA872 /* LaunchScreen.storyboard */; };
/* End PBXBuildFile section */

/* Begin PBXFileReference section */
		06BD2B591CBBABAC00AAA872 /* pokedex.app */ = {isa = PBXFileReference; explicitFileType = wrapper.application; includeInIndex = 0; path = pokedex.app; sourceTree = BUILT_PRODUCTS_DIR; };
		06BD2B5C1CBBABAC00AAA872 /* AppDelegate.swift */ = {isa = PBXFileReference; lastKnownFileType = sourcecode.swift; path = AppDelegate.swift; sourceTree = "<group>"; };
		06BD2B5E1CBBABAC00AAA872 /* ViewController.swift */ = {isa = PBXFileReference; lastKnownFileType = sourcecode.swift; path = ViewController.swift; sourceTree = "<group>"; };
		06BD2B611CBBABAC00AAA872 /* Base */ = {isa = PBXFileReference; lastKnownFileType = file.storyboard; name = Base; path = Base.lproj/Main.storyboard; sourceTree = "<group>"; };
		06BD2B631CBBABAC00AAA872 /* Assets.xcassets */ = {isa = PBXFileReference; lastKnownFileType = folder.assetcatalog; path = Assets.xcassets; sourceTree = "<group>"; };
		06BD2B661CBBABAC00AAA872 /* Base */ = {isa = PBXFileReference; lastKnownFileType = file.storyboard; name = Base; path = Base.lproj/LaunchScreen.storyboard; sourceTree = "<group>"; };
		06BD2B681CBBABAC00AAA872 /* Info.plist */ = {isa = PBXFileReference; lastKnownFileType = text.plist.xml; path = Info.plist; sourceTree = "<group>"; };
/* End PBXFileReference section */

/* Begin PBXFrameworksBuildPhase section */
		06BD2B561CBBABAC00AAA872 /* Frameworks */ = {
			isa = PBXFrameworksBuildPhase;
			buildActionMask = 2147483647;
			files = (
			);
			runOnlyForDeploymentPostprocessing = 0;
		};
/* End PBXFrameworksBuildPhase section */

/* Begin PBXGroup section */
		06BD2B501CBBABAC00AAA872 = {
			isa = PBXGroup;
			children = (
				06BD2B5B1CBBABAC00AAA872 /* pokedex */,
				06BD2B5A1CBBABAC00AAA872 /* Products */,
			);
			sourceTree = "<group>";
		};
		06BD2B5A1CBBABAC00AAA872 /* Products */ = {
			isa = PBXGroup;
			children = (
				06BD2B591CBBABAC00AAA872 /* pokedex.app */,
			);
			name = Products;
			sourceTree = "<group>";
		};
		06BD2B5B1CBBABAC00AAA872 /* pokedex */ = {
			isa = PBXGroup;
			children = (
				06BD2B5C1CBBABAC00AAA872 /* AppDelegate.swift */,
				06BD2B5E1CBBABAC00AAA872 /* ViewController.swift */,
				06BD2B601CBBABAC00AAA872 /* Main.storyboard */,
				06BD2B631CBBABAC00AAA872 /* Assets.xcassets */,
				06BD2B651CBBABAC00AAA872 /* LaunchScreen.storyboard */,
				06BD2B681CBBABAC00AAA872 /* Info.plist */,
			);
			path = pokedex;
			sourceTree = "<group>";
		};
/* End PBXGroup section */

/* Begin PBXNativeTarget section */
		06BD2B581CBBABAC00AAA872 /* pokedex */ = {
			isa = PBXNativeTarget;
			buildConfigurationList = 06BD2B6B1CBBABAC00AAA872 /* Build configuration list for PBXNativeTarget "pokedex" */;
			buildPhases = (
				06BD2B551CBBABAC00AAA872 /* Sources */,
				06BD2B561CBBABAC00AAA872 /* Frameworks */,
				06BD2B571CBBABAC00AAA872 /* Resources */,
			);
			buildRules = (
			);
			dependencies = (
			);
			name = pokedex;
			productName = pokedex;
			productReference = 06BD2B591CBBABAC00AAA872 /* pokedex.app */;
			productType = "com.apple.product-type.application";
		};
/* End PBXNativeTarget section */

/* Begin PBXProject section */
		06BD2B511CBBABAC00AAA872 /* Project object */ = {
			isa = PBXProject;
			attributes = {
				LastSwiftUpdateCheck = 0720;
				LastUpgradeCheck = 0720;
				ORGANIZATIONNAME = "Tatiwat Borwornrattanakit";
				TargetAttributes = {
					06BD2B581CBBABAC00AAA872 = {
						CreatedOnToolsVersion = 7.2.1;
						DevelopmentTeam = QBSPP96QAH;
					};
				};
			};
			buildConfigurationList = 06BD2B541CBBABAC00AAA872 /* Build configuration list for PBXProject "pokedex" */;
			compatibilityVersion = "Xcode 3.2";
			developmentRegion = English;
			hasScannedForEncodings = 0;
			knownRegions = (
				en,
				Base,
			);
			mainGroup = 06BD2B501CBBABAC00AAA872;
			productRefGroup = 06BD2B5A1CBBABAC00AAA872 /* Products */;
			projectDirPath = "";
			projectRoot = "";
			targets = (
				06BD2B581CBBABAC00AAA872 /* pokedex */,
			);
		};
/* End PBXProject section */

/* Begin PBXResourcesBuildPhase section */
		06BD2B571CBBABAC00AAA872 /* Resources */ = {
			isa = PBXResourcesBuildPhase;
			buildActionMask = 2147483647;
			files = (
				06BD2B671CBBABAC00AAA872 /* LaunchScreen.storyboard in Resources */,
				06BD2B641CBBABAC00AAA872 /* Assets.xcassets in Resources */,
				06BD2B621CBBABAC00AAA872 /* Main.storyboard in Resources */,
			);
			runOnlyForDeploymentPostprocessing = 0;
		};
/* End PBXResourcesBuildPhase section */

/* Begin PBXSourcesBuildPhase section */
		06BD2B551CBBABAC00AAA872 /* Sources */ = {
			isa = PBXSourcesBuildPhase;
			buildActionMask = 2147483647;
			files = (
				06BD2B5F1CBBABAC00AAA872 /* ViewController.swift in Sources */,
				06BD2B5D1CBBABAC00AAA872 /* AppDelegate.swift in Sources */,
			);
			runOnlyForDeploymentPostprocessing = 0;
		};
/* End PBXSourcesBuildPhase section */

/* Begin PBXVariantGroup section */
		06BD2B601CBBABAC00AAA872 /* Main.storyboard */ = {
			isa = PBXVariantGroup;
			children = (
				06BD2B611CBBABAC00AAA872 /* Base */,
			);
			name = Main.storyboard;
			sourceTree = "<group>";
		};
		06BD2B651CBBABAC00AAA872 /* LaunchScreen.storyboard */ = {
			isa = PBXVariantGroup;
			children = (
				06BD2B661CBBABAC00AAA872 /* Base */,
			);
			name = LaunchScreen.storyboard;
			sourceTree = "<group>";
		};
/* End PBXVariantGroup section */

/* Begin XCBuildConfiguration section */
		06BD2B691CBBABAC00AAA872 /* Debug */ = {
			isa = XCBuildConfiguration;
			buildSettings = {
				ALWAYS_SEARCH_USER_PATHS = NO;
				CLANG_CXX_LANGUAGE_STANDARD = "gnu++0x";
				CLANG_CXX_LIBRARY = "libc++";
				CLANG_ENABLE_MODULES = YES;
				CLANG_ENABLE_OBJC_ARC = YES;
				CLANG_WARN_BOOL_CONVERSION = YES;
				CLANG_WARN_CONSTANT_CONVERSION = YES;
				CLANG_WARN_DIRECT_OBJC_ISA_USAGE = YES_ERROR;
				CLANG_WARN_EMPTY_BODY = YES;
				CLANG_WARN_ENUM_CONVERSION = YES;
				CLANG_WARN_INT_CONVERSION = YES;
				CLANG_WARN_OBJC_ROOT_CLASS = YES_ERROR;
				CLANG_WARN_UNREACHABLE_CODE = YES;
				CLANG_WARN__DUPLICATE_METHOD_MATCH = YES;
				"CODE_SIGN_IDENTITY[sdk=iphoneos*]" = "iPhone Developer";
				COPY_PHASE_STRIP = NO;
				DEBUG_INFORMATION_FORMAT = dwarf;
				ENABLE_STRICT_OBJC_MSGSEND = YES;
				ENABLE_TESTABILITY = YES;
				GCC_C_LANGUAGE_STANDARD = gnu99;
				GCC_DYNAMIC_NO_PIC = NO;
				GCC_NO_COMMON_BLOCKS = YES;
				GCC_OPTIMIZATION_LEVEL = 0;
				GCC_PREPROCESSOR_DEFINITIONS = (
					"DEBUG=1",
					"$(inherited)",
				);
				GCC_WARN_64_TO_32_BIT_CONVERSION = YES;
				GCC_WARN_ABOUT_RETURN_TYPE = YES_ERROR;
				GCC_WARN_UNDECLARED_SELECTOR = YES;
				GCC_WARN_UNINITIALIZED_AUTOS = YES_AGGRESSIVE;
				GCC_WARN_UNUSED_FUNCTION = YES;
				GCC_WARN_UNUSED_VARIABLE = YES;
				IPHONEOS_DEPLOYMENT_TARGET = 9.2;
				MTL_ENABLE_DEBUG_INFO = YES;
				ONLY_ACTIVE_ARCH = YES;
				SDKROOT = iphoneos;
				SWIFT_OPTIMIZATION_LEVEL = "-Onone";
				TARGETED_DEVICE_FAMILY = "1,2";
			};
			name = Debug;
		};
		06BD2B6A1CBBABAC00AAA872 /* Release */ = {
			isa = XCBuildConfiguration;
			buildSettings = {
				ALWAYS_SEARCH_USER_PATHS = NO;
				CLANG_CXX_LANGUAGE_STANDARD = "gnu++0x";
				CLANG_CXX_LIBRARY = "libc++";
				CLANG_ENABLE_MODULES = YES;
				CLANG_ENABLE_OBJC_ARC = YES;
				CLANG_WARN_BOOL_CONVERSION = YES;
				CLANG_WARN_CONSTANT_CONVERSION = YES;
				CLANG_WARN_DIRECT_OBJC_ISA_USAGE = YES_ERROR;
				CLANG_WARN_EMPTY_BODY = YES;
				CLANG_WARN_ENUM_CONVERSION = YES;
				CLANG_WARN_INT_CONVERSION = YES;
				CLANG_WARN_OBJC_ROOT_CLASS = YES_ERROR;
				CLANG_WARN_UNREACHABLE_CODE = YES;
				CLANG_WARN__DUPLICATE_METHOD_MATCH = YES;
				"CODE_SIGN_IDENTITY[sdk=iphoneos*]" = "iPhone Developer";
				COPY_PHASE_STRIP = NO;
				DEBUG_INFORMATION_FORMAT = "dwarf-with-dsym";
				ENABLE_NS_ASSERTIONS = NO;
				ENABLE_STRICT_OBJC_MSGSEND = YES;
				GCC_C_LANGUAGE_STANDARD = gnu99;
				GCC_NO_COMMON_BLOCKS = YES;
				GCC_WARN_64_TO_32_BIT_CONVERSION = YES;
				GCC_WARN_ABOUT_RETURN_TYPE = YES_ERROR;
				GCC_WARN_UNDECLARED_SELECTOR = YES;
				GCC_WARN_UNINITIALIZED_AUTOS = YES_AGGRESSIVE;
				GCC_WARN_UNUSED_FUNCTION = YES;
				GCC_WARN_UNUSED_VARIABLE = YES;
				IPHONEOS_DEPLOYMENT_TARGET = 9.2;
				MTL_ENABLE_DEBUG_INFO = NO;
				SDKROOT = iphoneos;
				TARGETED_DEVICE_FAMILY = "1,2";
				VALIDATE_PRODUCT = YES;
			};
			name = Release;
		};
		06BD2B6C1CBBABAC00AAA872 /* Debug */ = {
			isa = XCBuildConfiguration;
			buildSettings = {
				ASSETCATALOG_COMPILER_APPICON_NAME = AppIcon;
				INFOPLIST_FILE = pokedex/Info.plist;
				LD_RUNPATH_SEARCH_PATHS = "$(inherited) @executable_path/Frameworks";
				PRODUCT_BUNDLE_IDENTIFIER = com.tatiwat.pokedex;
				PRODUCT_NAME = "$(TARGET_NAME)";
			};
			name = Debug;
		};
		06BD2B6D1CBBABAC00AAA872 /* Release */ = {
			isa = XCBuildConfiguration;
			buildSettings = {
				ASSETCATALOG_COMPILER_APPICON_NAME = AppIcon;
				INFOPLIST_FILE = pokedex/Info.plist;
				LD_RUNPATH_SEARCH_PATHS = "$(inherited) @executable_path/Frameworks";
				PRODUCT_BUNDLE_IDENTIFIER = com.tatiwat.pokedex;
				PRODUCT_NAME = "$(TARGET_NAME)";
			};
			name = Release;
		};
/* End XCBuildConfiguration section */

/* Begin XCConfigurationList section */
		06BD2B541CBBABAC00AAA872 /* Build configuration list for PBXProject "pokedex" */ = {
			isa = XCConfigurationList;
			buildConfigurations = (
				06BD2B691CBBABAC00AAA872 /* Debug */,
				06BD2B6A1CBBABAC00AAA872 /* Release */,
			);
			defaultConfigurationIsVisible = 0;
			defaultConfigurationName = Release;
		};
		06BD2B6B1CBBABAC00AAA872 /* Build configuration list for PBXNativeTarget "pokedex" */ = {
			isa = XCConfigurationList;
			buildConfigurations = (
				06BD2B6C1CBBABAC00AAA872 /* Debug */,
				06BD2B6D1CBBABAC00AAA872 /* Release */,
			);
			defaultConfigurationIsVisible = 0;
		};
/* End XCConfigurationList section */
	};
	rootObject = 06BD2B511CBBABAC00AAA872 /* Project object */;
}
